
Microsoft Visual Studio Solution File, Format Version 12.00
# Visual Studio Version 17
VisualStudioVersion = 17.9.34622.214
MinimumVisualStudioVersion = 10.0.40219.1
Project("{FAE04EC0-301F-11D3-BF4B-00C04F79EFBC}") = "TestPorject", "TestPorject.csproj", "{483D5412-4521-4FC2-B95D-B8CCF75ABE32}"
EndProject
Global
	GlobalSection(SolutionConfigurationPlatforms) = preSolution
		Debug|Any CPU = Debug|Any CPU
		Release|Any CPU = Release|Any CPU
	EndGlobalSection
	GlobalSection(ProjectConfigurationPlatforms) = postSolution
		{483D5412-4521-4FC2-B95D-B8CCF75ABE32}.Debug|Any CPU.ActiveCfg = Debug|Any CPU
		{483D5412-4521-4FC2-B95D-B8CCF75ABE32}.Debug|Any CPU.Build.0 = Debug|Any CPU
		{483D5412-4521-4FC2-B95D-B8CCF75ABE32}.Release|Any CPU.ActiveCfg = Release|Any CPU
		{483D5412-4521-4FC2-B95D-B8CCF75ABE32}.Release|Any CPU.Build.0 = Release|Any CPU
	EndGlobalSection
	GlobalSection(SolutionProperties) = preSolution
		HideSolutionNode = FALSE
	EndGlobalSection
	GlobalSection(ExtensibilityGlobals) = postSolution
		SolutionGuid = {4FB4DE91-B2B0-4230-BDD4-BCAD6CB0B062}
	EndGlobalSection
EndGlobal
